
Microsoft Visual Studio Solution File, Format Version 12.00
# Visual Studio 2013
VisualStudioVersion = 12.0.30501.0
MinimumVisualStudioVersion = 10.0.40219.1
Project("{FAE04EC0-301F-11D3-BF4B-00C04F79EFBC}") = "GremlinsAdventure", "GremlinsAdventure\GremlinsAdventure.csproj", "{DE207F20-BA67-4BFA-B372-0B8A8EFFAC68}"
EndProject
Project("{FAE04EC0-301F-11D3-BF4B-00C04F79EFBC}") = "Farseer Physics MonoGame", "Farseer Physics Engine 3.5 Samples\Farseer Physics Engine 3.5\Farseer Physics MonoGame.csproj", "{0AAD36E3-51A5-4A07-AB60-5C8A66BD38B7}"
EndProject
Project("{FAE04EC0-301F-11D3-BF4B-00C04F79EFBC}") = "DebugView MonoGame", "Farseer Physics Engine 3.5 Samples\Farseer Physics DebugView 3.5\DebugView MonoGame.csproj", "{566F1803-90B5-4947-8730-57F092FBB002}"
EndProject
Global
	GlobalSection(SolutionConfigurationPlatforms) = preSolution
		Debug|Any CPU = Debug|Any CPU
		Debug|Mixed Platforms = Debug|Mixed Platforms
		Debug|x86 = Debug|x86
		Release|Any CPU = Release|Any CPU
		Release|Mixed Platforms = Release|Mixed Platforms
		Release|x86 = Release|x86
	EndGlobalSection
	GlobalSection(ProjectConfigurationPlatforms) = postSolution
		{DE207F20-BA67-4BFA-B372-0B8A8EFFAC68}.Debug|Any CPU.ActiveCfg = Debug|x86
		{DE207F20-BA67-4BFA-B372-0B8A8EFFAC68}.Debug|Mixed Platforms.ActiveCfg = Debug|x86
		{DE207F20-BA67-4BFA-B372-0B8A8EFFAC68}.Debug|Mixed Platforms.Build.0 = Debug|x86
		{DE207F20-BA67-4BFA-B372-0B8A8EFFAC68}.Debug|x86.ActiveCfg = Debug|x86
		{DE207F20-BA67-4BFA-B372-0B8A8EFFAC68}.Debug|x86.Build.0 = Debug|x86
		{DE207F20-BA67-4BFA-B372-0B8A8EFFAC68}.Release|Any CPU.ActiveCfg = Release|x86
		{DE207F20-BA67-4BFA-B372-0B8A8EFFAC68}.Release|Mixed Platforms.ActiveCfg = Release|x86
		{DE207F20-BA67-4BFA-B372-0B8A8EFFAC68}.Release|Mixed Platforms.Build.0 = Release|x86
		{DE207F20-BA67-4BFA-B372-0B8A8EFFAC68}.Release|x86.ActiveCfg = Release|x86
		{DE207F20-BA67-4BFA-B372-0B8A8EFFAC68}.Release|x86.Build.0 = Release|x86
		{0AAD36E3-51A5-4A07-AB60-5C8A66BD38B7}.Debug|Any CPU.ActiveCfg = Debug|x86
		{0AAD36E3-51A5-4A07-AB60-5C8A66BD38B7}.Debug|Mixed Platforms.ActiveCfg = Debug|x86
		{0AAD36E3-51A5-4A07-AB60-5C8A66BD38B7}.Debug|Mixed Platforms.Build.0 = Debug|x86
		{0AAD36E3-51A5-4A07-AB60-5C8A66BD38B7}.Debug|x86.ActiveCfg = Debug|x86
		{0AAD36E3-51A5-4A07-AB60-5C8A66BD38B7}.Debug|x86.Build.0 = Debug|x86
		{0AAD36E3-51A5-4A07-AB60-5C8A66BD38B7}.Release|Any CPU.ActiveCfg = Release|x86
		{0AAD36E3-51A5-4A07-AB60-5C8A66BD38B7}.Release|Mixed Platforms.ActiveCfg = Release|x86
		{0AAD36E3-51A5-4A07-AB60-5C8A66BD38B7}.Release|Mixed Platforms.Build.0 = Release|x86
		{0AAD36E3-51A5-4A07-AB60-5C8A66BD38B7}.Release|x86.ActiveCfg = Release|x86
		{0AAD36E3-51A5-4A07-AB60-5C8A66BD38B7}.Release|x86.Build.0 = Release|x86
		{566F1803-90B5-4947-8730-57F092FBB002}.Debug|Any CPU.ActiveCfg = Debug|x86
		{566F1803-90B5-4947-8730-57F092FBB002}.Debug|Mixed Platforms.ActiveCfg = Debug|x86
		{566F1803-90B5-4947-8730-57F092FBB002}.Debug|Mixed Platforms.Build.0 = Debug|x86
		{566F1803-90B5-4947-8730-57F092FBB002}.Debug|x86.ActiveCfg = Debug|x86
		{566F1803-90B5-4947-8730-57F092FBB002}.Debug|x86.Build.0 = Debug|x86
		{566F1803-90B5-4947-8730-57F092FBB002}.Release|Any CPU.ActiveCfg = Release|x86
		{566F1803-90B5-4947-8730-57F092FBB002}.Release|Mixed Platforms.ActiveCfg = Release|x86
		{566F1803-90B5-4947-8730-57F092FBB002}.Release|Mixed Platforms.Build.0 = Release|x86
		{566F1803-90B5-4947-8730-57F092FBB002}.Release|x86.ActiveCfg = Release|x86
		{566F1803-90B5-4947-8730-57F092FBB002}.Release|x86.Build.0 = Release|x86
	EndGlobalSection
	GlobalSection(SolutionProperties) = preSolution
		HideSolutionNode = FALSE
	EndGlobalSection
EndGlobal
